
Microsoft Visual Studio Solution File, Format Version 12.00
# Visual Studio 15
VisualStudioVersion = 15.0.26124.0
MinimumVisualStudioVersion = 15.0.26124.0
Project("{9A19103F-16F7-4668-BE54-9A1E7A4F7556}") = "R5T.Norsica.Configuration.Suebia.Construction", "R5T.Norsica.Configuration.Suebia.Construction\R5T.Norsica.Configuration.Suebia.Construction.csproj", "{A6EC07D2-A8D0-4D05-9F67-3B66CE6A4C32}"
EndProject
Project("{9A19103F-16F7-4668-BE54-9A1E7A4F7556}") = "R5T.Norsica.Configuration.Suebia", "R5T.Norsica.Configuration.Suebia\R5T.Norsica.Configuration.Suebia.csproj", "{36FDFE8B-60A8-4EFC-BA29-00D4FCBBBB26}"
EndProject
Project("{9A19103F-16F7-4668-BE54-9A1E7A4F7556}") = "R5T.Norsica.Configuration.Suebia.Testing", "R5T.Norsica.Configuration.Suebia.Testing\R5T.Norsica.Configuration.Suebia.Testing.csproj", "{1E7BDD68-AB54-445A-AA81-608F407761AA}"
EndProject
Project("{2150E333-8FDC-42A3-9474-1A3956D46DE8}") = "_Dependencies", "_Dependencies", "{9A9944B8-1A06-4447-8321-75166F664221}"
EndProject
Project("{9A19103F-16F7-4668-BE54-9A1E7A4F7556}") = "R5T.Norsica.Configuration", "..\..\R5T.Norsica.Configuration\source\R5T.Norsica.Configuration\R5T.Norsica.Configuration.csproj", "{8C5E762C-3641-4A49-AE0A-8570DC6FC148}"
EndProject
Project("{9A19103F-16F7-4668-BE54-9A1E7A4F7556}") = "R5T.Suebia.Base", "..\..\R5T.Suebia.Base\source\R5T.Suebia.Base\R5T.Suebia.Base.csproj", "{7CF694B9-BEBB-480E-A035-611E809A3526}"
EndProject
Project("{9A19103F-16F7-4668-BE54-9A1E7A4F7556}") = "R5T.Chamavia", "..\..\R5T.Chamavia\source\R5T.Chamavia\R5T.Chamavia.csproj", "{3F9FB511-F636-4084-880E-2DA8A6294631}"
EndProject
Project("{9A19103F-16F7-4668-BE54-9A1E7A4F7556}") = "R5T.Suebia.Extensions", "..\..\R5T.Suebia.Extensions\source\R5T.Suebia.Extensions\R5T.Suebia.Extensions.csproj", "{95A0B1BF-DA28-4519-BCF5-F741C463DAF9}"
EndProject
Project("{9A19103F-16F7-4668-BE54-9A1E7A4F7556}") = "R5T.Dacia", "..\..\R5T.Dacia\source\R5T.Dacia\R5T.Dacia.csproj", "{48E9772C-75D4-4792-A103-2A0BDCF2F97B}"
EndProject
Global
	GlobalSection(SolutionConfigurationPlatforms) = preSolution
		Debug|Any CPU = Debug|Any CPU
		Debug|x64 = Debug|x64
		Debug|x86 = Debug|x86
		Release|Any CPU = Release|Any CPU
		Release|x64 = Release|x64
		Release|x86 = Release|x86
	EndGlobalSection
	GlobalSection(ProjectConfigurationPlatforms) = postSolution
		{A6EC07D2-A8D0-4D05-9F67-3B66CE6A4C32}.Debug|Any CPU.ActiveCfg = Debug|Any CPU
		{A6EC07D2-A8D0-4D05-9F67-3B66CE6A4C32}.Debug|Any CPU.Build.0 = Debug|Any CPU
		{A6EC07D2-A8D0-4D05-9F67-3B66CE6A4C32}.Debug|x64.ActiveCfg = Debug|Any CPU
		{A6EC07D2-A8D0-4D05-9F67-3B66CE6A4C32}.Debug|x64.Build.0 = Debug|Any CPU
		{A6EC07D2-A8D0-4D05-9F67-3B66CE6A4C32}.Debug|x86.ActiveCfg = Debug|Any CPU
		{A6EC07D2-A8D0-4D05-9F67-3B66CE6A4C32}.Debug|x86.Build.0 = Debug|Any CPU
		{A6EC07D2-A8D0-4D05-9F67-3B66CE6A4C32}.Release|Any CPU.ActiveCfg = Release|Any CPU
		{A6EC07D2-A8D0-4D05-9F67-3B66CE6A4C32}.Release|Any CPU.Build.0 = Release|Any CPU
		{A6EC07D2-A8D0-4D05-9F67-3B66CE6A4C32}.Release|x64.ActiveCfg = Release|Any CPU
		{A6EC07D2-A8D0-4D05-9F67-3B66CE6A4C32}.Release|x64.Build.0 = Release|Any CPU
		{A6EC07D2-A8D0-4D05-9F67-3B66CE6A4C32}.Release|x86.ActiveCfg = Release|Any CPU
		{A6EC07D2-A8D0-4D05-9F67-3B66CE6A4C32}.Release|x86.Build.0 = Release|Any CPU
		{36FDFE8B-60A8-4EFC-BA29-00D4FCBBBB26}.Debug|Any CPU.ActiveCfg = Debug|Any CPU
		{36FDFE8B-60A8-4EFC-BA29-00D4FCBBBB26}.Debug|Any CPU.Build.0 = Debug|Any CPU
		{36FDFE8B-60A8-4EFC-BA29-00D4FCBBBB26}.Debug|x64.ActiveCfg = Debug|Any CPU
		{36FDFE8B-60A8-4EFC-BA29-00D4FCBBBB26}.Debug|x64.Build.0 = Debug|Any CPU
		{36FDFE8B-60A8-4EFC-BA29-00D4FCBBBB26}.Debug|x86.ActiveCfg = Debug|Any CPU
		{36FDFE8B-60A8-4EFC-BA29-00D4FCBBBB26}.Debug|x86.Build.0 = Debug|Any CPU
		{36FDFE8B-60A8-4EFC-BA29-00D4FCBBBB26}.Release|Any CPU.ActiveCfg = Release|Any CPU
		{36FDFE8B-60A8-4EFC-BA29-00D4FCBBBB26}.Release|Any CPU.Build.0 = Release|Any CPU
		{36FDFE8B-60A8-4EFC-BA29-00D4FCBBBB26}.Release|x64.ActiveCfg = Release|Any CPU
		{36FDFE8B-60A8-4EFC-BA29-00D4FCBBBB26}.Release|x64.Build.0 = Release|Any CPU
		{36FDFE8B-60A8-4EFC-BA29-00D4FCBBBB26}.Release|x86.ActiveCfg = Release|Any CPU
		{36FDFE8B-60A8-4EFC-BA29-00D4FCBBBB26}.Release|x86.Build.0 = Release|Any CPU
		{1E7BDD68-AB54-445A-AA81-608F407761AA}.Debug|Any CPU.ActiveCfg = Debug|Any CPU
		{1E7BDD68-AB54-445A-AA81-608F407761AA}.Debug|Any CPU.Build.0 = Debug|Any CPU
		{1E7BDD68-AB54-445A-AA81-608F407761AA}.Debug|x64.ActiveCfg = Debug|Any CPU
		{1E7BDD68-AB54-445A-AA81-608F407761AA}.Debug|x64.Build.0 = Debug|Any CPU
		{1E7BDD68-AB54-445A-AA81-608F407761AA}.Debug|x86.ActiveCfg = Debug|Any CPU
		{1E7BDD68-AB54-445A-AA81-608F407761AA}.Debug|x86.Build.0 = Debug|Any CPU
		{1E7BDD68-AB54-445A-AA81-608F407761AA}.Release|Any CPU.ActiveCfg = Release|Any CPU
		{1E7BDD68-AB54-445A-AA81-608F407761AA}.Release|Any CPU.Build.0 = Release|Any CPU
		{1E7BDD68-AB54-445A-AA81-608F407761AA}.Release|x64.ActiveCfg = Release|Any CPU
		{1E7BDD68-AB54-445A-AA81-608F407761AA}.Release|x64.Build.0 = Release|Any CPU
		{1E7BDD68-AB54-445A-AA81-608F407761AA}.Release|x86.ActiveCfg = Release|Any CPU
		{1E7BDD68-AB54-445A-AA81-608F407761AA}.Release|x86.Build.0 = Release|Any CPU
		{8C5E762C-3641-4A49-AE0A-8570DC6FC148}.Debug|Any CPU.ActiveCfg = Debug|Any CPU
		{8C5E762C-3641-4A49-AE0A-8570DC6FC148}.Debug|Any CPU.Build.0 = Debug|Any CPU
		{8C5E762C-3641-4A49-AE0A-8570DC6FC148}.Debug|x64.ActiveCfg = Debug|Any CPU
		{8C5E762C-3641-4A49-AE0A-8570DC6FC148}.Debug|x64.Build.0 = Debug|Any CPU
		{8C5E762C-3641-4A49-AE0A-8570DC6FC148}.Debug|x86.ActiveCfg = Debug|Any CPU
		{8C5E762C-3641-4A49-AE0A-8570DC6FC148}.Debug|x86.Build.0 = Debug|Any CPU
		{8C5E762C-3641-4A49-AE0A-8570DC6FC148}.Release|Any CPU.ActiveCfg = Release|Any CPU
		{8C5E762C-3641-4A49-AE0A-8570DC6FC148}.Release|Any CPU.Build.0 = Release|Any CPU
		{8C5E762C-3641-4A49-AE0A-8570DC6FC148}.Release|x64.ActiveCfg = Release|Any CPU
		{8C5E762C-3641-4A49-AE0A-8570DC6FC148}.Release|x64.Build.0 = Release|Any CPU
		{8C5E762C-3641-4A49-AE0A-8570DC6FC148}.Release|x86.ActiveCfg = Release|Any CPU
		{8C5E762C-3641-4A49-AE0A-8570DC6FC148}.Release|x86.Build.0 = Release|Any CPU
		{7CF694B9-BEBB-480E-A035-611E809A3526}.Debug|Any CPU.ActiveCfg = Debug|Any CPU
		{7CF694B9-BEBB-480E-A035-611E809A3526}.Debug|Any CPU.Build.0 = Debug|Any CPU
		{7CF694B9-BEBB-480E-A035-611E809A3526}.Debug|x64.ActiveCfg = Debug|Any CPU
		{7CF694B9-BEBB-480E-A035-611E809A3526}.Debug|x64.Build.0 = Debug|Any CPU
		{7CF694B9-BEBB-480E-A035-611E809A3526}.Debug|x86.ActiveCfg = Debug|Any CPU
		{7CF694B9-BEBB-480E-A035-611E809A3526}.Debug|x86.Build.0 = Debug|Any CPU
		{7CF694B9-BEBB-480E-A035-611E809A3526}.Release|Any CPU.ActiveCfg = Release|Any CPU
		{7CF694B9-BEBB-480E-A035-611E809A3526}.Release|Any CPU.Build.0 = Release|Any CPU
		{7CF694B9-BEBB-480E-A035-611E809A3526}.Release|x64.ActiveCfg = Release|Any CPU
		{7CF694B9-BEBB-480E-A035-611E809A3526}.Release|x64.Build.0 = Release|Any CPU
		{7CF694B9-BEBB-480E-A035-611E809A3526}.Release|x86.ActiveCfg = Release|Any CPU
		{7CF694B9-BEBB-480E-A035-611E809A3526}.Release|x86.Build.0 = Release|Any CPU
		{3F9FB511-F636-4084-880E-2DA8A6294631}.Debug|Any CPU.ActiveCfg = Debug|Any CPU
		{3F9FB511-F636-4084-880E-2DA8A6294631}.Debug|Any CPU.Build.0 = Debug|Any CPU
		{3F9FB511-F636-4084-880E-2DA8A6294631}.Debug|x64.ActiveCfg = Debug|Any CPU
		{3F9FB511-F636-4084-880E-2DA8A6294631}.Debug|x64.Build.0 = Debug|Any CPU
		{3F9FB511-F636-4084-880E-2DA8A6294631}.Debug|x86.ActiveCfg = Debug|Any CPU
		{3F9FB511-F636-4084-880E-2DA8A6294631}.Debug|x86.Build.0 = Debug|Any CPU
		{3F9FB511-F636-4084-880E-2DA8A6294631}.Release|Any CPU.ActiveCfg = Release|Any CPU
		{3F9FB511-F636-4084-880E-2DA8A6294631}.Release|Any CPU.Build.0 = Release|Any CPU
		{3F9FB511-F636-4084-880E-2DA8A6294631}.Release|x64.ActiveCfg = Release|Any CPU
		{3F9FB511-F636-4084-880E-2DA8A6294631}.Release|x64.Build.0 = Release|Any CPU
		{3F9FB511-F636-4084-880E-2DA8A6294631}.Release|x86.ActiveCfg = Release|Any CPU
		{3F9FB511-F636-4084-880E-2DA8A6294631}.Release|x86.Build.0 = Release|Any CPU
		{95A0B1BF-DA28-4519-BCF5-F741C463DAF9}.Debug|Any CPU.ActiveCfg = Debug|Any CPU
		{95A0B1BF-DA28-4519-BCF5-F741C463DAF9}.Debug|Any CPU.Build.0 = Debug|Any CPU
		{95A0B1BF-DA28-4519-BCF5-F741C463DAF9}.Debug|x64.ActiveCfg = Debug|Any CPU
		{95A0B1BF-DA28-4519-BCF5-F741C463DAF9}.Debug|x64.Build.0 = Debug|Any CPU
		{95A0B1BF-DA28-4519-BCF5-F741C463DAF9}.Debug|x86.ActiveCfg = Debug|Any CPU
		{95A0B1BF-DA28-4519-BCF5-F741C463DAF9}.Debug|x86.Build.0 = Debug|Any CPU
		{95A0B1BF-DA28-4519-BCF5-F741C463DAF9}.Release|Any CPU.ActiveCfg = Release|Any CPU
		{95A0B1BF-DA28-4519-BCF5-F741C463DAF9}.Release|Any CPU.Build.0 = Release|Any CPU
		{95A0B1BF-DA28-4519-BCF5-F741C463DAF9}.Release|x64.ActiveCfg = Release|Any CPU
		{95A0B1BF-DA28-4519-BCF5-F741C463DAF9}.Release|x64.Build.0 = Release|Any CPU
		{95A0B1BF-DA28-4519-BCF5-F741C463DAF9}.Release|x86.ActiveCfg = Release|Any CPU
		{95A0B1BF-DA28-4519-BCF5-F741C463DAF9}.Release|x86.Build.0 = Release|Any CPU
		{48E9772C-75D4-4792-A103-2A0BDCF2F97B}.Debug|Any CPU.ActiveCfg = Debug|Any CPU
		{48E9772C-75D4-4792-A103-2A0BDCF2F97B}.Debug|Any CPU.Build.0 = Debug|Any CPU
		{48E9772C-75D4-4792-A103-2A0BDCF2F97B}.Debug|x64.ActiveCfg = Debug|Any CPU
		{48E9772C-75D4-4792-A103-2A0BDCF2F97B}.Debug|x64.Build.0 = Debug|Any CPU
		{48E9772C-75D4-4792-A103-2A0BDCF2F97B}.Debug|x86.ActiveCfg = Debug|Any CPU
		{48E9772C-75D4-4792-A103-2A0BDCF2F97B}.Debug|x86.Build.0 = Debug|Any CPU
		{48E9772C-75D4-4792-A103-2A0BDCF2F97B}.Release|Any CPU.ActiveCfg = Release|Any CPU
		{48E9772C-75D4-4792-A103-2A0BDCF2F97B}.Release|Any CPU.Build.0 = Release|Any CPU
		{48E9772C-75D4-4792-A103-2A0BDCF2F97B}.Release|x64.ActiveCfg = Release|Any CPU
		{48E9772C-75D4-4792-A103-2A0BDCF2F97B}.Release|x64.Build.0 = Release|Any CPU
		{48E9772C-75D4-4792-A103-2A0BDCF2F97B}.Release|x86.ActiveCfg = Release|Any CPU
		{48E9772C-75D4-4792-A103-2A0BDCF2F97B}.Release|x86.Build.0 = Release|Any CPU
	EndGlobalSection
	GlobalSection(SolutionProperties) = preSolution
		HideSolutionNode = FALSE
	EndGlobalSection
	GlobalSection(NestedProjects) = preSolution
		{8C5E762C-3641-4A49-AE0A-8570DC6FC148} = {9A9944B8-1A06-4447-8321-75166F664221}
		{7CF694B9-BEBB-480E-A035-611E809A3526} = {9A9944B8-1A06-4447-8321-75166F664221}
		{3F9FB511-F636-4084-880E-2DA8A6294631} = {9A9944B8-1A06-4447-8321-75166F664221}
		{95A0B1BF-DA28-4519-BCF5-F741C463DAF9} = {9A9944B8-1A06-4447-8321-75166F664221}
		{48E9772C-75D4-4792-A103-2A0BDCF2F97B} = {9A9944B8-1A06-4447-8321-75166F664221}
	EndGlobalSection
	GlobalSection(ExtensibilityGlobals) = postSolution
		SolutionGuid = {5250C979-92E5-4D10-BE95-167BA7506CAE}
	EndGlobalSection
EndGlobal
